// !$*UTF8*$!
{
	archiveVersion = 1;
	classes = {
	};
	objectVersion = 46;
	objects = {

/* Begin PBXBuildFile section */
		062811B91D9C027B00EA82A4 /* thumbnail.png in Resources */ = {isa = PBXBuildFile; fileRef = 062811B71D9C027B00EA82A4 /* thumbnail.png */; };
		062811BA1D9C027B00EA82A4 /* thumbnail@2x.png in Resources */ = {isa = PBXBuildFile; fileRef = 062811B81D9C027B00EA82A4 /* thumbnail@2x.png */; };
		0643C6561D949C2D0078FFA4 /* Crazy_WavesView.h in Headers */ = {isa = PBXBuildFile; fileRef = 0643C6551D949C2D0078FFA4 /* Crazy_WavesView.h */; };
		0643C6581D949C2D0078FFA4 /* Crazy_WavesView.m in Sources */ = {isa = PBXBuildFile; fileRef = 0643C6571D949C2D0078FFA4 /* Crazy_WavesView.m */; };
/* End PBXBuildFile section */

/* Begin PBXFileReference section */
		062811B71D9C027B00EA82A4 /* thumbnail.png */ = {isa = PBXFileReference; lastKnownFileType = image.png; path = thumbnail.png; sourceTree = "<group>"; };
		062811B81D9C027B00EA82A4 /* thumbnail@2x.png */ = {isa = PBXFileReference; lastKnownFileType = image.png; path = "thumbnail@2x.png"; sourceTree = "<group>"; };
		0643C6521D949C2D0078FFA4 /* Crazy Waves.saver */ = {isa = PBXFileReference; explicitFileType = wrapper.cfbundle; includeInIndex = 0; path = "Crazy Waves.saver"; sourceTree = BUILT_PRODUCTS_DIR; };
		0643C6551D949C2D0078FFA4 /* Crazy_WavesView.h */ = {isa = PBXFileReference; lastKnownFileType = sourcecode.c.h; path = Crazy_WavesView.h; sourceTree = "<group>"; };
		0643C6571D949C2D0078FFA4 /* Crazy_WavesView.m */ = {isa = PBXFileReference; lastKnownFileType = sourcecode.c.objc; path = Crazy_WavesView.m; sourceTree = "<group>"; };
		0643C6591D949C2D0078FFA4 /* Info.plist */ = {isa = PBXFileReference; lastKnownFileType = text.plist.xml; path = Info.plist; sourceTree = "<group>"; };
/* End PBXFileReference section */

/* Begin PBXFrameworksBuildPhase section */
		0643C64E1D949C2D0078FFA4 /* Frameworks */ = {
			isa = PBXFrameworksBuildPhase;
			buildActionMask = 2147483647;
			files = (
			);
			runOnlyForDeploymentPostprocessing = 0;
		};
/* End PBXFrameworksBuildPhase section */

/* Begin PBXGroup section */
		0643C6481D949C2D0078FFA4 = {
			isa = PBXGroup;
			children = (
				0643C6541D949C2D0078FFA4 /* Crazy Waves */,
				0643C6531D949C2D0078FFA4 /* Products */,
			);
			sourceTree = "<group>";
		};
		0643C6531D949C2D0078FFA4 /* Products */ = {
			isa = PBXGroup;
			children = (
				0643C6521D949C2D0078FFA4 /* Crazy Waves.saver */,
			);
			name = Products;
			sourceTree = "<group>";
		};
		0643C6541D949C2D0078FFA4 /* Crazy Waves */ = {
			isa = PBXGroup;
			children = (
				062811B71D9C027B00EA82A4 /* thumbnail.png */,
				062811B81D9C027B00EA82A4 /* thumbnail@2x.png */,
				0643C6551D949C2D0078FFA4 /* Crazy_WavesView.h */,
				0643C6571D949C2D0078FFA4 /* Crazy_WavesView.m */,
				0643C6591D949C2D0078FFA4 /* Info.plist */,
			);
			path = "Crazy Waves";
			sourceTree = "<group>";
		};
/* End PBXGroup section */

/* Begin PBXHeadersBuildPhase section */
		0643C64F1D949C2D0078FFA4 /* Headers */ = {
			isa = PBXHeadersBuildPhase;
			buildActionMask = 2147483647;
			files = (
				0643C6561D949C2D0078FFA4 /* Crazy_WavesView.h in Headers */,
			);
			runOnlyForDeploymentPostprocessing = 0;
		};
/* End PBXHeadersBuildPhase section */

/* Begin PBXNativeTarget section */
		0643C6511D949C2D0078FFA4 /* Crazy Waves */ = {
			isa = PBXNativeTarget;
			buildConfigurationList = 0643C65C1D949C2D0078FFA4 /* Build configuration list for PBXNativeTarget "Crazy Waves" */;
			buildPhases = (
				0643C64D1D949C2D0078FFA4 /* Sources */,
				0643C64E1D949C2D0078FFA4 /* Frameworks */,
				0643C64F1D949C2D0078FFA4 /* Headers */,
				0643C6501D949C2D0078FFA4 /* Resources */,
			);
			buildRules = (
			);
			dependencies = (
			);
			name = "Crazy Waves";
			productName = "Crazy Waves";
			productReference = 0643C6521D949C2D0078FFA4 /* Crazy Waves.saver */;
			productType = "com.apple.product-type.bundle";
		};
/* End PBXNativeTarget section */

/* Begin PBXProject section */
		0643C6491D949C2D0078FFA4 /* Project object */ = {
			isa = PBXProject;
			attributes = {
				LastUpgradeCheck = 0730;
				ORGANIZATIONNAME = ajsoriar;
				TargetAttributes = {
					0643C6511D949C2D0078FFA4 = {
						CreatedOnToolsVersion = 7.3.1;
					};
				};
			};
			buildConfigurationList = 0643C64C1D949C2D0078FFA4 /* Build configuration list for PBXProject "Crazy Waves" */;
			compatibilityVersion = "Xcode 3.2";
			developmentRegion = English;
			hasScannedForEncodings = 0;
			knownRegions = (
				en,
			);
			mainGroup = 0643C6481D949C2D0078FFA4;
			productRefGroup = 0643C6531D949C2D0078FFA4 /* Products */;
			projectDirPath = "";
			projectRoot = "";
			targets = (
				0643C6511D949C2D0078FFA4 /* Crazy Waves */,
			);
		};
/* End PBXProject section */

/* Begin PBXResourcesBuildPhase section */
		0643C6501D949C2D0078FFA4 /* Resources */ = {
			isa = PBXResourcesBuildPhase;
			buildActionMask = 2147483647;
			files = (
				062811B91D9C027B00EA82A4 /* thumbnail.png in Resources */,
				062811BA1D9C027B00EA82A4 /* thumbnail@2x.png in Resources */,
			);
			runOnlyForDeploymentPostprocessing = 0;
		};
/* End PBXResourcesBuildPhase section */

/* Begin PBXSourcesBuildPhase section */
		0643C64D1D949C2D0078FFA4 /* Sources */ = {
			isa = PBXSourcesBuildPhase;
			buildActionMask = 2147483647;
			files = (
				0643C6581D949C2D0078FFA4 /* Crazy_WavesView.m in Sources */,
			);
			runOnlyForDeploymentPostprocessing = 0;
		};
/* End PBXSourcesBuildPhase section */

/* Begin XCBuildConfiguration section */
		0643C65A1D949C2D0078FFA4 /* Debug */ = {
			isa = XCBuildConfiguration;
			buildSettings = {
				ALWAYS_SEARCH_USER_PATHS = NO;
				CLANG_ANALYZER_NONNULL = YES;
				CLANG_CXX_LANGUAGE_STANDARD = "gnu++0x";
				CLANG_CXX_LIBRARY = "libc++";
				CLANG_ENABLE_MODULES = YES;
				CLANG_ENABLE_OBJC_ARC = YES;
				CLANG_WARN_BOOL_CONVERSION = YES;
				CLANG_WARN_CONSTANT_CONVERSION = YES;
				CLANG_WARN_DIRECT_OBJC_ISA_USAGE = YES_ERROR;
				CLANG_WARN_EMPTY_BODY = YES;
				CLANG_WARN_ENUM_CONVERSION = YES;
				CLANG_WARN_INT_CONVERSION = YES;
				CLANG_WARN_OBJC_ROOT_CLASS = YES_ERROR;
				CLANG_WARN_UNREACHABLE_CODE = YES;
				CLANG_WARN__DUPLICATE_METHOD_MATCH = YES;
				CODE_SIGN_IDENTITY = "-";
				COPY_PHASE_STRIP = NO;
				DEBUG_INFORMATION_FORMAT = dwarf;
				ENABLE_STRICT_OBJC_MSGSEND = YES;
				ENABLE_TESTABILITY = YES;
				GCC_C_LANGUAGE_STANDARD = gnu99;
				GCC_DYNAMIC_NO_PIC = NO;
				GCC_NO_COMMON_BLOCKS = YES;
				GCC_OPTIMIZATION_LEVEL = 0;
				GCC_PREPROCESSOR_DEFINITIONS = (
					"DEBUG=1",
					"$(inherited)",
				);
				GCC_WARN_64_TO_32_BIT_CONVERSION = YES;
				GCC_WARN_ABOUT_RETURN_TYPE = YES_ERROR;
				GCC_WARN_UNDECLARED_SELECTOR = YES;
				GCC_WARN_UNINITIALIZED_AUTOS = YES_AGGRESSIVE;
				GCC_WARN_UNUSED_FUNCTION = YES;
				GCC_WARN_UNUSED_VARIABLE = YES;
				MACOSX_DEPLOYMENT_TARGET = 10.11;
				MTL_ENABLE_DEBUG_INFO = YES;
				ONLY_ACTIVE_ARCH = YES;
				SDKROOT = macosx;
			};
			name = Debug;
		};
		0643C65B1D949C2D0078FFA4 /* Release */ = {
			isa = XCBuildConfiguration;
			buildSettings = {
				ALWAYS_SEARCH_USER_PATHS = NO;
				CLANG_ANALYZER_NONNULL = YES;
				CLANG_CXX_LANGUAGE_STANDARD = "gnu++0x";
				CLANG_CXX_LIBRARY = "libc++";
				CLANG_ENABLE_MODULES = YES;
				CLANG_ENABLE_OBJC_ARC = YES;
				CLANG_WARN_BOOL_CONVERSION = YES;
				CLANG_WARN_CONSTANT_CONVERSION = YES;
				CLANG_WARN_DIRECT_OBJC_ISA_USAGE = YES_ERROR;
				CLANG_WARN_EMPTY_BODY = YES;
				CLANG_WARN_ENUM_CONVERSION = YES;
				CLANG_WARN_INT_CONVERSION = YES;
				CLANG_WARN_OBJC_ROOT_CLASS = YES_ERROR;
				CLANG_WARN_UNREACHABLE_CODE = YES;
				CLANG_WARN__DUPLICATE_METHOD_MATCH = YES;
				CODE_SIGN_IDENTITY = "-";
				COPY_PHASE_STRIP = NO;
				DEBUG_INFORMATION_FORMAT = "dwarf-with-dsym";
				ENABLE_NS_ASSERTIONS = NO;
				ENABLE_STRICT_OBJC_MSGSEND = YES;
				GCC_C_LANGUAGE_STANDARD = gnu99;
				GCC_NO_COMMON_BLOCKS = YES;
				GCC_WARN_64_TO_32_BIT_CONVERSION = YES;
				GCC_WARN_ABOUT_RETURN_TYPE = YES_ERROR;
				GCC_WARN_UNDECLARED_SELECTOR = YES;
				GCC_WARN_UNINITIALIZED_AUTOS = YES_AGGRESSIVE;
				GCC_WARN_UNUSED_FUNCTION = YES;
				GCC_WARN_UNUSED_VARIABLE = YES;
				MACOSX_DEPLOYMENT_TARGET = 10.11;
				MTL_ENABLE_DEBUG_INFO = NO;
				SDKROOT = macosx;
			};
			name = Release;
		};
		0643C65D1D949C2D0078FFA4 /* Debug */ = {
			isa = XCBuildConfiguration;
			buildSettings = {
				COMBINE_HIDPI_IMAGES = YES;
				INFOPLIST_FILE = "Crazy Waves/Info.plist";
				INSTALL_PATH = "$(HOME)/Library/Screen Savers";
				PRODUCT_BUNDLE_IDENTIFIER = "ajsoriar.Crazy-Waves";
				PRODUCT_NAME = "$(TARGET_NAME)";
				WRAPPER_EXTENSION = saver;
			};
			name = Debug;
		};
		0643C65E1D949C2D0078FFA4 /* Release */ = {
			isa = XCBuildConfiguration;
			buildSettings = {
				COMBINE_HIDPI_IMAGES = YES;
				INFOPLIST_FILE = "Crazy Waves/Info.plist";
				INSTALL_PATH = "$(HOME)/Library/Screen Savers";
				PRODUCT_BUNDLE_IDENTIFIER = "ajsoriar.Crazy-Waves";
				PRODUCT_NAME = "$(TARGET_NAME)";
				WRAPPER_EXTENSION = saver;
			};
			name = Release;
		};
/* End XCBuildConfiguration section */

/* Begin XCConfigurationList section */
		0643C64C1D949C2D0078FFA4 /* Build configuration list for PBXProject "Crazy Waves" */ = {
			isa = XCConfigurationList;
			buildConfigurations = (
				0643C65A1D949C2D0078FFA4 /* Debug */,
				0643C65B1D949C2D0078FFA4 /* Release */,
			);
			defaultConfigurationIsVisible = 0;
			defaultConfigurationName = Release;
		};
		0643C65C1D949C2D0078FFA4 /* Build configuration list for PBXNativeTarget "Crazy Waves" */ = {
			isa = XCConfigurationList;
			buildConfigurations = (
				0643C65D1D949C2D0078FFA4 /* Debug */,
				0643C65E1D949C2D0078FFA4 /* Release */,
			);
			defaultConfigurationIsVisible = 0;
			defaultConfigurationName = Release;
		};
/* End XCConfigurationList section */
	};
	rootObject = 0643C6491D949C2D0078FFA4 /* Project object */;
}
